
Microsoft Visual Studio Solution File, Format Version 12.00
# Visual Studio Version 16
VisualStudioVersion = 16.0.31624.102
MinimumVisualStudioVersion = 10.0.40219.1
Project("{FAE04EC0-301F-11D3-BF4B-00C04F79EFBC}") = "SAOD_Kursovaya", "SAOD_Kursovaya\SAOD_Kursovaya.csproj", "{30F46429-98D8-416D-A581-2D8C8218F655}"
EndProject
Global
	GlobalSection(SolutionConfigurationPlatforms) = preSolution
		Debug|Any CPU = Debug|Any CPU
		Release|Any CPU = Release|Any CPU
	EndGlobalSection
	GlobalSection(ProjectConfigurationPlatforms) = postSolution
		{30F46429-98D8-416D-A581-2D8C8218F655}.Debug|Any CPU.ActiveCfg = Debug|Any CPU
		{30F46429-98D8-416D-A581-2D8C8218F655}.Debug|Any CPU.Build.0 = Debug|Any CPU
		{30F46429-98D8-416D-A581-2D8C8218F655}.Release|Any CPU.ActiveCfg = Release|Any CPU
		{30F46429-98D8-416D-A581-2D8C8218F655}.Release|Any CPU.Build.0 = Release|Any CPU
	EndGlobalSection
	GlobalSection(SolutionProperties) = preSolution
		HideSolutionNode = FALSE
	EndGlobalSection
	GlobalSection(ExtensibilityGlobals) = postSolution
		SolutionGuid = {327BBC26-1539-4EE2-A997-2C555BEFB906}
	EndGlobalSection
EndGlobal
